
Microsoft Visual Studio Solution File, Format Version 12.00
# Visual Studio Version 16
VisualStudioVersion = 16.0.30804.86
MinimumVisualStudioVersion = 10.0.40219.1
Project("{FAE04EC0-301F-11D3-BF4B-00C04F79EFBC}") = "NET1Slide3A", "NET1Slide3\NET1Slide3A.csproj", "{D9244A16-2CA2-48B5-B728-DAEC2081A398}"
EndProject
Project("{FAE04EC0-301F-11D3-BF4B-00C04F79EFBC}") = "NET1Slide3B", "NET1Slide3B\NET1Slide3B.csproj", "{807612C6-51E1-4B26-A390-0D9A2C233F77}"
EndProject
Project("{FAE04EC0-301F-11D3-BF4B-00C04F79EFBC}") = "bai nang cao", "bai nang cao\bai nang cao.csproj", "{006E7EED-68C9-4C58-8B6E-299473780C44}"
EndProject
Global
	GlobalSection(SolutionConfigurationPlatforms) = preSolution
		Debug|Any CPU = Debug|Any CPU
		Release|Any CPU = Release|Any CPU
	EndGlobalSection
	GlobalSection(ProjectConfigurationPlatforms) = postSolution
		{D9244A16-2CA2-48B5-B728-DAEC2081A398}.Debug|Any CPU.ActiveCfg = Debug|Any CPU
		{D9244A16-2CA2-48B5-B728-DAEC2081A398}.Debug|Any CPU.Build.0 = Debug|Any CPU
		{D9244A16-2CA2-48B5-B728-DAEC2081A398}.Release|Any CPU.ActiveCfg = Release|Any CPU
		{D9244A16-2CA2-48B5-B728-DAEC2081A398}.Release|Any CPU.Build.0 = Release|Any CPU
		{807612C6-51E1-4B26-A390-0D9A2C233F77}.Debug|Any CPU.ActiveCfg = Debug|Any CPU
		{807612C6-51E1-4B26-A390-0D9A2C233F77}.Debug|Any CPU.Build.0 = Debug|Any CPU
		{807612C6-51E1-4B26-A390-0D9A2C233F77}.Release|Any CPU.ActiveCfg = Release|Any CPU
		{807612C6-51E1-4B26-A390-0D9A2C233F77}.Release|Any CPU.Build.0 = Release|Any CPU
		{006E7EED-68C9-4C58-8B6E-299473780C44}.Debug|Any CPU.ActiveCfg = Debug|Any CPU
		{006E7EED-68C9-4C58-8B6E-299473780C44}.Debug|Any CPU.Build.0 = Debug|Any CPU
		{006E7EED-68C9-4C58-8B6E-299473780C44}.Release|Any CPU.ActiveCfg = Release|Any CPU
		{006E7EED-68C9-4C58-8B6E-299473780C44}.Release|Any CPU.Build.0 = Release|Any CPU
	EndGlobalSection
	GlobalSection(SolutionProperties) = preSolution
		HideSolutionNode = FALSE
	EndGlobalSection
	GlobalSection(ExtensibilityGlobals) = postSolution
		SolutionGuid = {0A700859-8F44-41FA-9DD3-AFE01F1C456B}
	EndGlobalSection
EndGlobal
