
Microsoft Visual Studio Solution File, Format Version 12.00
# Visual Studio Version 16
VisualStudioVersion = 16.0.30804.86
MinimumVisualStudioVersion = 10.0.40219.1
Project("{FAE04EC0-301F-11D3-BF4B-00C04F79EFBC}") = "lab3_bai1", "lab3_bai1\lab3_bai1.csproj", "{C8883AF0-63C3-4B9D-AA6C-2A90A4908788}"
EndProject
Project("{FAE04EC0-301F-11D3-BF4B-00C04F79EFBC}") = "lab3_bai2", "lab3_bai2\lab3_bai2.csproj", "{423E6266-3B57-43FF-B9DE-6D260D0BEEF2}"
EndProject
Global
	GlobalSection(SolutionConfigurationPlatforms) = preSolution
		Debug|Any CPU = Debug|Any CPU
		Release|Any CPU = Release|Any CPU
	EndGlobalSection
	GlobalSection(ProjectConfigurationPlatforms) = postSolution
		{C8883AF0-63C3-4B9D-AA6C-2A90A4908788}.Debug|Any CPU.ActiveCfg = Debug|Any CPU
		{C8883AF0-63C3-4B9D-AA6C-2A90A4908788}.Debug|Any CPU.Build.0 = Debug|Any CPU
		{C8883AF0-63C3-4B9D-AA6C-2A90A4908788}.Release|Any CPU.ActiveCfg = Release|Any CPU
		{C8883AF0-63C3-4B9D-AA6C-2A90A4908788}.Release|Any CPU.Build.0 = Release|Any CPU
		{423E6266-3B57-43FF-B9DE-6D260D0BEEF2}.Debug|Any CPU.ActiveCfg = Debug|Any CPU
		{423E6266-3B57-43FF-B9DE-6D260D0BEEF2}.Debug|Any CPU.Build.0 = Debug|Any CPU
		{423E6266-3B57-43FF-B9DE-6D260D0BEEF2}.Release|Any CPU.ActiveCfg = Release|Any CPU
		{423E6266-3B57-43FF-B9DE-6D260D0BEEF2}.Release|Any CPU.Build.0 = Release|Any CPU
	EndGlobalSection
	GlobalSection(SolutionProperties) = preSolution
		HideSolutionNode = FALSE
	EndGlobalSection
	GlobalSection(ExtensibilityGlobals) = postSolution
		SolutionGuid = {DA72018F-A6E8-4CE0-BB83-CA422171258D}
	EndGlobalSection
EndGlobal
