
Microsoft Visual Studio Solution File, Format Version 12.00
# Visual Studio 15
VisualStudioVersion = 15.0.28307.1300
MinimumVisualStudioVersion = 10.0.40219.1
Project("{FAE04EC0-301F-11D3-BF4B-00C04F79EFBC}") = "Demo1", "Demo1\Demo1.csproj", "{81623E6A-9F8B-4DF7-938E-1E33C47B1589}"
EndProject
Project("{FAE04EC0-301F-11D3-BF4B-00C04F79EFBC}") = "Demo2", "Demo2\Demo2.csproj", "{B12940B7-A77D-4D6F-9FE9-F3F67B3C2831}"
EndProject
Project("{FAE04EC0-301F-11D3-BF4B-00C04F79EFBC}") = "Demo3", "Demo3\Demo3.csproj", "{D3D9E919-B0C0-422C-974B-A33896B689E2}"
EndProject
Project("{FAE04EC0-301F-11D3-BF4B-00C04F79EFBC}") = "Demo4", "Demo4\Demo4.csproj", "{D098454B-58F5-414E-BA0B-35CDC1D54B59}"
EndProject
Project("{FAE04EC0-301F-11D3-BF4B-00C04F79EFBC}") = "Demo5", "Demo5\Demo5.csproj", "{1F5E0589-ADE0-4AFE-BC21-657F6F9267ED}"
EndProject
Global
	GlobalSection(SolutionConfigurationPlatforms) = preSolution
		Debug|Any CPU = Debug|Any CPU
		Release|Any CPU = Release|Any CPU
	EndGlobalSection
	GlobalSection(ProjectConfigurationPlatforms) = postSolution
		{81623E6A-9F8B-4DF7-938E-1E33C47B1589}.Debug|Any CPU.ActiveCfg = Debug|Any CPU
		{81623E6A-9F8B-4DF7-938E-1E33C47B1589}.Debug|Any CPU.Build.0 = Debug|Any CPU
		{81623E6A-9F8B-4DF7-938E-1E33C47B1589}.Release|Any CPU.ActiveCfg = Release|Any CPU
		{81623E6A-9F8B-4DF7-938E-1E33C47B1589}.Release|Any CPU.Build.0 = Release|Any CPU
		{B12940B7-A77D-4D6F-9FE9-F3F67B3C2831}.Debug|Any CPU.ActiveCfg = Debug|Any CPU
		{B12940B7-A77D-4D6F-9FE9-F3F67B3C2831}.Debug|Any CPU.Build.0 = Debug|Any CPU
		{B12940B7-A77D-4D6F-9FE9-F3F67B3C2831}.Release|Any CPU.ActiveCfg = Release|Any CPU
		{B12940B7-A77D-4D6F-9FE9-F3F67B3C2831}.Release|Any CPU.Build.0 = Release|Any CPU
		{D3D9E919-B0C0-422C-974B-A33896B689E2}.Debug|Any CPU.ActiveCfg = Debug|Any CPU
		{D3D9E919-B0C0-422C-974B-A33896B689E2}.Debug|Any CPU.Build.0 = Debug|Any CPU
		{D3D9E919-B0C0-422C-974B-A33896B689E2}.Release|Any CPU.ActiveCfg = Release|Any CPU
		{D3D9E919-B0C0-422C-974B-A33896B689E2}.Release|Any CPU.Build.0 = Release|Any CPU
		{D098454B-58F5-414E-BA0B-35CDC1D54B59}.Debug|Any CPU.ActiveCfg = Debug|Any CPU
		{D098454B-58F5-414E-BA0B-35CDC1D54B59}.Debug|Any CPU.Build.0 = Debug|Any CPU
		{D098454B-58F5-414E-BA0B-35CDC1D54B59}.Release|Any CPU.ActiveCfg = Release|Any CPU
		{D098454B-58F5-414E-BA0B-35CDC1D54B59}.Release|Any CPU.Build.0 = Release|Any CPU
		{1F5E0589-ADE0-4AFE-BC21-657F6F9267ED}.Debug|Any CPU.ActiveCfg = Debug|Any CPU
		{1F5E0589-ADE0-4AFE-BC21-657F6F9267ED}.Debug|Any CPU.Build.0 = Debug|Any CPU
		{1F5E0589-ADE0-4AFE-BC21-657F6F9267ED}.Release|Any CPU.ActiveCfg = Release|Any CPU
		{1F5E0589-ADE0-4AFE-BC21-657F6F9267ED}.Release|Any CPU.Build.0 = Release|Any CPU
	EndGlobalSection
	GlobalSection(SolutionProperties) = preSolution
		HideSolutionNode = FALSE
	EndGlobalSection
	GlobalSection(ExtensibilityGlobals) = postSolution
		SolutionGuid = {4BC94C66-8012-4E2B-931B-E13A5ADDC5D3}
	EndGlobalSection
EndGlobal
