
Microsoft Visual Studio Solution File, Format Version 12.00
# Visual Studio 15
VisualStudioVersion = 15.0.28307.1300
MinimumVisualStudioVersion = 10.0.40219.1
Project("{FAE04EC0-301F-11D3-BF4B-00C04F79EFBC}") = "Demo1", "Demo1\Demo1.csproj", "{7A6BD346-C930-43DB-83C8-0A817D315E9D}"
EndProject
Project("{FAE04EC0-301F-11D3-BF4B-00C04F79EFBC}") = "Demo2", "Demo2\Demo2.csproj", "{2704B617-5E16-4FD4-AB0D-B8627B49462F}"
EndProject
Project("{FAE04EC0-301F-11D3-BF4B-00C04F79EFBC}") = "Demo3", "Demo3\Demo3.csproj", "{1FEF116D-D2C8-4FDF-BF45-8F7C62238657}"
EndProject
Project("{FAE04EC0-301F-11D3-BF4B-00C04F79EFBC}") = "Demo4", "Demo4\Demo4.csproj", "{F6B1C5DD-1B0B-4693-8525-E77C5FECD136}"
EndProject
Project("{FAE04EC0-301F-11D3-BF4B-00C04F79EFBC}") = "Demo5", "Demo5\Demo5.csproj", "{026CB315-DE7A-429C-8EEF-290E827DCAFC}"
EndProject
Global
	GlobalSection(SolutionConfigurationPlatforms) = preSolution
		Debug|Any CPU = Debug|Any CPU
		Release|Any CPU = Release|Any CPU
	EndGlobalSection
	GlobalSection(ProjectConfigurationPlatforms) = postSolution
		{7A6BD346-C930-43DB-83C8-0A817D315E9D}.Debug|Any CPU.ActiveCfg = Debug|Any CPU
		{7A6BD346-C930-43DB-83C8-0A817D315E9D}.Debug|Any CPU.Build.0 = Debug|Any CPU
		{7A6BD346-C930-43DB-83C8-0A817D315E9D}.Release|Any CPU.ActiveCfg = Release|Any CPU
		{7A6BD346-C930-43DB-83C8-0A817D315E9D}.Release|Any CPU.Build.0 = Release|Any CPU
		{2704B617-5E16-4FD4-AB0D-B8627B49462F}.Debug|Any CPU.ActiveCfg = Debug|Any CPU
		{2704B617-5E16-4FD4-AB0D-B8627B49462F}.Debug|Any CPU.Build.0 = Debug|Any CPU
		{2704B617-5E16-4FD4-AB0D-B8627B49462F}.Release|Any CPU.ActiveCfg = Release|Any CPU
		{2704B617-5E16-4FD4-AB0D-B8627B49462F}.Release|Any CPU.Build.0 = Release|Any CPU
		{1FEF116D-D2C8-4FDF-BF45-8F7C62238657}.Debug|Any CPU.ActiveCfg = Debug|Any CPU
		{1FEF116D-D2C8-4FDF-BF45-8F7C62238657}.Debug|Any CPU.Build.0 = Debug|Any CPU
		{1FEF116D-D2C8-4FDF-BF45-8F7C62238657}.Release|Any CPU.ActiveCfg = Release|Any CPU
		{1FEF116D-D2C8-4FDF-BF45-8F7C62238657}.Release|Any CPU.Build.0 = Release|Any CPU
		{F6B1C5DD-1B0B-4693-8525-E77C5FECD136}.Debug|Any CPU.ActiveCfg = Debug|Any CPU
		{F6B1C5DD-1B0B-4693-8525-E77C5FECD136}.Debug|Any CPU.Build.0 = Debug|Any CPU
		{F6B1C5DD-1B0B-4693-8525-E77C5FECD136}.Release|Any CPU.ActiveCfg = Release|Any CPU
		{F6B1C5DD-1B0B-4693-8525-E77C5FECD136}.Release|Any CPU.Build.0 = Release|Any CPU
		{026CB315-DE7A-429C-8EEF-290E827DCAFC}.Debug|Any CPU.ActiveCfg = Debug|Any CPU
		{026CB315-DE7A-429C-8EEF-290E827DCAFC}.Debug|Any CPU.Build.0 = Debug|Any CPU
		{026CB315-DE7A-429C-8EEF-290E827DCAFC}.Release|Any CPU.ActiveCfg = Release|Any CPU
		{026CB315-DE7A-429C-8EEF-290E827DCAFC}.Release|Any CPU.Build.0 = Release|Any CPU
	EndGlobalSection
	GlobalSection(SolutionProperties) = preSolution
		HideSolutionNode = FALSE
	EndGlobalSection
	GlobalSection(ExtensibilityGlobals) = postSolution
		SolutionGuid = {6F0C4502-2C3E-4130-83B2-E08F90AA1D6A}
	EndGlobalSection
EndGlobal
