
Microsoft Visual Studio Solution File, Format Version 12.00
# Visual Studio Version 16
VisualStudioVersion = 16.0.30804.86
MinimumVisualStudioVersion = 10.0.40219.1
Project("{9A19103F-16F7-4668-BE54-9A1E7A4F7556}") = "bai1", "lab1\bai1.csproj", "{D420540F-7E37-40E7-A50F-52E76F1286E4}"
EndProject
Project("{FAE04EC0-301F-11D3-BF4B-00C04F79EFBC}") = "bai2", "bai2\bai2.csproj", "{1A088C2B-47D4-4D78-9065-A4E2EC737437}"
EndProject
Project("{FAE04EC0-301F-11D3-BF4B-00C04F79EFBC}") = "bai3", "bai3\bai3.csproj", "{E1D85C89-372D-4472-857A-C9539EAAFDAF}"
EndProject
Project("{FAE04EC0-301F-11D3-BF4B-00C04F79EFBC}") = "bai4", "bai4\bai4.csproj", "{FB172BF5-C881-4474-8CDB-1062A2B365D7}"
EndProject
Project("{FAE04EC0-301F-11D3-BF4B-00C04F79EFBC}") = "bai5", "bai5\bai5.csproj", "{C88E827F-06B6-452B-BFDD-47532955377A}"
EndProject
Global
	GlobalSection(SolutionConfigurationPlatforms) = preSolution
		Debug|Any CPU = Debug|Any CPU
		Release|Any CPU = Release|Any CPU
	EndGlobalSection
	GlobalSection(ProjectConfigurationPlatforms) = postSolution
		{D420540F-7E37-40E7-A50F-52E76F1286E4}.Debug|Any CPU.ActiveCfg = Debug|Any CPU
		{D420540F-7E37-40E7-A50F-52E76F1286E4}.Debug|Any CPU.Build.0 = Debug|Any CPU
		{D420540F-7E37-40E7-A50F-52E76F1286E4}.Release|Any CPU.ActiveCfg = Release|Any CPU
		{D420540F-7E37-40E7-A50F-52E76F1286E4}.Release|Any CPU.Build.0 = Release|Any CPU
		{1A088C2B-47D4-4D78-9065-A4E2EC737437}.Debug|Any CPU.ActiveCfg = Debug|Any CPU
		{1A088C2B-47D4-4D78-9065-A4E2EC737437}.Debug|Any CPU.Build.0 = Debug|Any CPU
		{1A088C2B-47D4-4D78-9065-A4E2EC737437}.Release|Any CPU.ActiveCfg = Release|Any CPU
		{1A088C2B-47D4-4D78-9065-A4E2EC737437}.Release|Any CPU.Build.0 = Release|Any CPU
		{E1D85C89-372D-4472-857A-C9539EAAFDAF}.Debug|Any CPU.ActiveCfg = Debug|Any CPU
		{E1D85C89-372D-4472-857A-C9539EAAFDAF}.Debug|Any CPU.Build.0 = Debug|Any CPU
		{E1D85C89-372D-4472-857A-C9539EAAFDAF}.Release|Any CPU.ActiveCfg = Release|Any CPU
		{E1D85C89-372D-4472-857A-C9539EAAFDAF}.Release|Any CPU.Build.0 = Release|Any CPU
		{FB172BF5-C881-4474-8CDB-1062A2B365D7}.Debug|Any CPU.ActiveCfg = Debug|Any CPU
		{FB172BF5-C881-4474-8CDB-1062A2B365D7}.Debug|Any CPU.Build.0 = Debug|Any CPU
		{FB172BF5-C881-4474-8CDB-1062A2B365D7}.Release|Any CPU.ActiveCfg = Release|Any CPU
		{FB172BF5-C881-4474-8CDB-1062A2B365D7}.Release|Any CPU.Build.0 = Release|Any CPU
		{C88E827F-06B6-452B-BFDD-47532955377A}.Debug|Any CPU.ActiveCfg = Debug|Any CPU
		{C88E827F-06B6-452B-BFDD-47532955377A}.Debug|Any CPU.Build.0 = Debug|Any CPU
		{C88E827F-06B6-452B-BFDD-47532955377A}.Release|Any CPU.ActiveCfg = Release|Any CPU
		{C88E827F-06B6-452B-BFDD-47532955377A}.Release|Any CPU.Build.0 = Release|Any CPU
	EndGlobalSection
	GlobalSection(SolutionProperties) = preSolution
		HideSolutionNode = FALSE
	EndGlobalSection
	GlobalSection(ExtensibilityGlobals) = postSolution
		SolutionGuid = {9C620885-D780-4685-8515-79E0FFD4BC12}
	EndGlobalSection
EndGlobal
