
Microsoft Visual Studio Solution File, Format Version 12.00
# Visual Studio Version 16
VisualStudioVersion = 16.0.30804.86
MinimumVisualStudioVersion = 10.0.40219.1
Project("{FAE04EC0-301F-11D3-BF4B-00C04F79EFBC}") = "bai1", "bai1\bai1.csproj", "{3C07B77A-CB11-4A10-9A8E-AF096EB7EBAA}"
EndProject
Project("{FAE04EC0-301F-11D3-BF4B-00C04F79EFBC}") = "bai2", "bai2\bai2.csproj", "{D1DEB552-CFFB-4A98-B598-4CD99E15C667}"
EndProject
Project("{FAE04EC0-301F-11D3-BF4B-00C04F79EFBC}") = "bai3", "bai3\bai3.csproj", "{DF1C456A-4752-47D4-A9F0-969EE6BA03D7}"
EndProject
Project("{FAE04EC0-301F-11D3-BF4B-00C04F79EFBC}") = "bai4", "bai4\bai4.csproj", "{99909646-F451-460D-BD58-F73DA9EE61D9}"
EndProject
Project("{FAE04EC0-301F-11D3-BF4B-00C04F79EFBC}") = "bai5 nang cao", "bai5 nang cao\bai5 nang cao.csproj", "{F619116E-18F9-4FFD-8E70-FD07FA84C99B}"
EndProject
Global
	GlobalSection(SolutionConfigurationPlatforms) = preSolution
		Debug|Any CPU = Debug|Any CPU
		Release|Any CPU = Release|Any CPU
	EndGlobalSection
	GlobalSection(ProjectConfigurationPlatforms) = postSolution
		{3C07B77A-CB11-4A10-9A8E-AF096EB7EBAA}.Debug|Any CPU.ActiveCfg = Debug|Any CPU
		{3C07B77A-CB11-4A10-9A8E-AF096EB7EBAA}.Debug|Any CPU.Build.0 = Debug|Any CPU
		{3C07B77A-CB11-4A10-9A8E-AF096EB7EBAA}.Release|Any CPU.ActiveCfg = Release|Any CPU
		{3C07B77A-CB11-4A10-9A8E-AF096EB7EBAA}.Release|Any CPU.Build.0 = Release|Any CPU
		{D1DEB552-CFFB-4A98-B598-4CD99E15C667}.Debug|Any CPU.ActiveCfg = Debug|Any CPU
		{D1DEB552-CFFB-4A98-B598-4CD99E15C667}.Debug|Any CPU.Build.0 = Debug|Any CPU
		{D1DEB552-CFFB-4A98-B598-4CD99E15C667}.Release|Any CPU.ActiveCfg = Release|Any CPU
		{D1DEB552-CFFB-4A98-B598-4CD99E15C667}.Release|Any CPU.Build.0 = Release|Any CPU
		{DF1C456A-4752-47D4-A9F0-969EE6BA03D7}.Debug|Any CPU.ActiveCfg = Debug|Any CPU
		{DF1C456A-4752-47D4-A9F0-969EE6BA03D7}.Debug|Any CPU.Build.0 = Debug|Any CPU
		{DF1C456A-4752-47D4-A9F0-969EE6BA03D7}.Release|Any CPU.ActiveCfg = Release|Any CPU
		{DF1C456A-4752-47D4-A9F0-969EE6BA03D7}.Release|Any CPU.Build.0 = Release|Any CPU
		{99909646-F451-460D-BD58-F73DA9EE61D9}.Debug|Any CPU.ActiveCfg = Debug|Any CPU
		{99909646-F451-460D-BD58-F73DA9EE61D9}.Debug|Any CPU.Build.0 = Debug|Any CPU
		{99909646-F451-460D-BD58-F73DA9EE61D9}.Release|Any CPU.ActiveCfg = Release|Any CPU
		{99909646-F451-460D-BD58-F73DA9EE61D9}.Release|Any CPU.Build.0 = Release|Any CPU
		{F619116E-18F9-4FFD-8E70-FD07FA84C99B}.Debug|Any CPU.ActiveCfg = Debug|Any CPU
		{F619116E-18F9-4FFD-8E70-FD07FA84C99B}.Debug|Any CPU.Build.0 = Debug|Any CPU
		{F619116E-18F9-4FFD-8E70-FD07FA84C99B}.Release|Any CPU.ActiveCfg = Release|Any CPU
		{F619116E-18F9-4FFD-8E70-FD07FA84C99B}.Release|Any CPU.Build.0 = Release|Any CPU
	EndGlobalSection
	GlobalSection(SolutionProperties) = preSolution
		HideSolutionNode = FALSE
	EndGlobalSection
	GlobalSection(ExtensibilityGlobals) = postSolution
		SolutionGuid = {331C7E61-78A9-4AE8-AB93-BC2D2B3F98F4}
	EndGlobalSection
EndGlobal
