
Microsoft Visual Studio Solution File, Format Version 12.00
# Visual Studio Version 16
VisualStudioVersion = 16.0.30804.86
MinimumVisualStudioVersion = 10.0.40219.1
Project("{FAE04EC0-301F-11D3-BF4B-00C04F79EFBC}") = "bai1a", "bai1\bai1a.csproj", "{5A348467-1441-471D-B737-CFDBEE3D2338}"
EndProject
Project("{FAE04EC0-301F-11D3-BF4B-00C04F79EFBC}") = "bai1b", "bai1b\bai1b.csproj", "{6CFD0D38-6354-4969-8C3A-8E9048C66C3E}"
EndProject
Project("{FAE04EC0-301F-11D3-BF4B-00C04F79EFBC}") = "bai2", "bai2\bai2.csproj", "{89DEBB22-1532-4BFB-A5A7-AF00585FD524}"
EndProject
Project("{FAE04EC0-301F-11D3-BF4B-00C04F79EFBC}") = "bai3", "bai3\bai3.csproj", "{C9AB98F1-97AC-45BB-A1A3-22B020584EED}"
EndProject
Project("{FAE04EC0-301F-11D3-BF4B-00C04F79EFBC}") = "bai4", "bai4\bai4.csproj", "{486F4FD3-436D-410C-B0F4-4932C7CD95C3}"
EndProject
Global
	GlobalSection(SolutionConfigurationPlatforms) = preSolution
		Debug|Any CPU = Debug|Any CPU
		Release|Any CPU = Release|Any CPU
	EndGlobalSection
	GlobalSection(ProjectConfigurationPlatforms) = postSolution
		{5A348467-1441-471D-B737-CFDBEE3D2338}.Debug|Any CPU.ActiveCfg = Debug|Any CPU
		{5A348467-1441-471D-B737-CFDBEE3D2338}.Debug|Any CPU.Build.0 = Debug|Any CPU
		{5A348467-1441-471D-B737-CFDBEE3D2338}.Release|Any CPU.ActiveCfg = Release|Any CPU
		{5A348467-1441-471D-B737-CFDBEE3D2338}.Release|Any CPU.Build.0 = Release|Any CPU
		{6CFD0D38-6354-4969-8C3A-8E9048C66C3E}.Debug|Any CPU.ActiveCfg = Debug|Any CPU
		{6CFD0D38-6354-4969-8C3A-8E9048C66C3E}.Debug|Any CPU.Build.0 = Debug|Any CPU
		{6CFD0D38-6354-4969-8C3A-8E9048C66C3E}.Release|Any CPU.ActiveCfg = Release|Any CPU
		{6CFD0D38-6354-4969-8C3A-8E9048C66C3E}.Release|Any CPU.Build.0 = Release|Any CPU
		{89DEBB22-1532-4BFB-A5A7-AF00585FD524}.Debug|Any CPU.ActiveCfg = Debug|Any CPU
		{89DEBB22-1532-4BFB-A5A7-AF00585FD524}.Debug|Any CPU.Build.0 = Debug|Any CPU
		{89DEBB22-1532-4BFB-A5A7-AF00585FD524}.Release|Any CPU.ActiveCfg = Release|Any CPU
		{89DEBB22-1532-4BFB-A5A7-AF00585FD524}.Release|Any CPU.Build.0 = Release|Any CPU
		{C9AB98F1-97AC-45BB-A1A3-22B020584EED}.Debug|Any CPU.ActiveCfg = Debug|Any CPU
		{C9AB98F1-97AC-45BB-A1A3-22B020584EED}.Debug|Any CPU.Build.0 = Debug|Any CPU
		{C9AB98F1-97AC-45BB-A1A3-22B020584EED}.Release|Any CPU.ActiveCfg = Release|Any CPU
		{C9AB98F1-97AC-45BB-A1A3-22B020584EED}.Release|Any CPU.Build.0 = Release|Any CPU
		{486F4FD3-436D-410C-B0F4-4932C7CD95C3}.Debug|Any CPU.ActiveCfg = Debug|Any CPU
		{486F4FD3-436D-410C-B0F4-4932C7CD95C3}.Debug|Any CPU.Build.0 = Debug|Any CPU
		{486F4FD3-436D-410C-B0F4-4932C7CD95C3}.Release|Any CPU.ActiveCfg = Release|Any CPU
		{486F4FD3-436D-410C-B0F4-4932C7CD95C3}.Release|Any CPU.Build.0 = Release|Any CPU
	EndGlobalSection
	GlobalSection(SolutionProperties) = preSolution
		HideSolutionNode = FALSE
	EndGlobalSection
	GlobalSection(ExtensibilityGlobals) = postSolution
		SolutionGuid = {105D545C-3C20-4B7D-A5CE-DF0889DB683F}
	EndGlobalSection
EndGlobal
